
Microsoft Visual Studio Solution File, Format Version 12.00
# Visual Studio Version 17
VisualStudioVersion = 17.14.36202.13
MinimumVisualStudioVersion = 10.0.40219.1
Project("{FAE04EC0-301F-11D3-BF4B-00C04F79EFBC}") = "AHON_TRACK", "AHON_TRACK.csproj", "{E36EEA9C-7CE7-4E5F-AE92-4A0A675D603C}"
EndProject
Global
	GlobalSection(SolutionConfigurationPlatforms) = preSolution
		Debug|Any CPU = Debug|Any CPU
		Release|Any CPU = Release|Any CPU
	EndGlobalSection
	GlobalSection(ProjectConfigurationPlatforms) = postSolution
		{E36EEA9C-7CE7-4E5F-AE92-4A0A675D603C}.Debug|Any CPU.ActiveCfg = Debug|Any CPU
		{E36EEA9C-7CE7-4E5F-AE92-4A0A675D603C}.Debug|Any CPU.Build.0 = Debug|Any CPU
		{E36EEA9C-7CE7-4E5F-AE92-4A0A675D603C}.Release|Any CPU.ActiveCfg = Release|Any CPU
		{E36EEA9C-7CE7-4E5F-AE92-4A0A675D603C}.Release|Any CPU.Build.0 = Release|Any CPU
	EndGlobalSection
	GlobalSection(SolutionProperties) = preSolution
		HideSolutionNode = FALSE
	EndGlobalSection
	GlobalSection(ExtensibilityGlobals) = postSolution
		SolutionGuid = {F971DB40-2B21-4963-853E-3774992DE3BE}
	EndGlobalSection
EndGlobal
